
Microsoft Visual Studio Solution File, Format Version 12.00
# Visual Studio 15
VisualStudioVersion = 15.0.28307.1401
MinimumVisualStudioVersion = 10.0.40219.1
Project("{FAE04EC0-301F-11D3-BF4B-00C04F79EFBC}") = "DocumentPublisher", "DocumentPublisher\DocumentPublisher.csproj", "{1BE4C45A-A1D6-4A60-B563-CF4C859BB984}"
EndProject
Global
	GlobalSection(SolutionConfigurationPlatforms) = preSolution
		Debug|Any CPU = Debug|Any CPU
		Release|Any CPU = Release|Any CPU
	EndGlobalSection
	GlobalSection(ProjectConfigurationPlatforms) = postSolution
		{1BE4C45A-A1D6-4A60-B563-CF4C859BB984}.Debug|Any CPU.ActiveCfg = Debug|Any CPU
		{1BE4C45A-A1D6-4A60-B563-CF4C859BB984}.Debug|Any CPU.Build.0 = Debug|Any CPU
		{1BE4C45A-A1D6-4A60-B563-CF4C859BB984}.Release|Any CPU.ActiveCfg = Release|Any CPU
		{1BE4C45A-A1D6-4A60-B563-CF4C859BB984}.Release|Any CPU.Build.0 = Release|Any CPU
	EndGlobalSection
	GlobalSection(SolutionProperties) = preSolution
		HideSolutionNode = FALSE
	EndGlobalSection
	GlobalSection(ExtensibilityGlobals) = postSolution
		SolutionGuid = {A5DE24FA-646B-48C9-A394-A4E66E24E73A}
	EndGlobalSection
EndGlobal
